
Microsoft Visual Studio Solution File, Format Version 12.00
# Visual Studio Version 16
VisualStudioVersion = 16.0.30503.244
MinimumVisualStudioVersion = 10.0.40219.1
Project("{9A19103F-16F7-4668-BE54-9A1E7A4F7556}") = "Lab14", "Lab14\Lab14.csproj", "{93600B59-57D6-4E3B-B6B3-A94A8040A05E}"
EndProject
Project("{FAE04EC0-301F-11D3-BF4B-00C04F79EFBC}") = "Lab14.Tests", "Lab14.Tests\Lab14.Tests.csproj", "{91578D2B-12F9-4932-BDAD-81F36CB14B2A}"
EndProject
Global
	GlobalSection(SolutionConfigurationPlatforms) = preSolution
		Debug|Any CPU = Debug|Any CPU
		Release|Any CPU = Release|Any CPU
	EndGlobalSection
	GlobalSection(ProjectConfigurationPlatforms) = postSolution
		{93600B59-57D6-4E3B-B6B3-A94A8040A05E}.Debug|Any CPU.ActiveCfg = Debug|Any CPU
		{93600B59-57D6-4E3B-B6B3-A94A8040A05E}.Debug|Any CPU.Build.0 = Debug|Any CPU
		{93600B59-57D6-4E3B-B6B3-A94A8040A05E}.Release|Any CPU.ActiveCfg = Release|Any CPU
		{93600B59-57D6-4E3B-B6B3-A94A8040A05E}.Release|Any CPU.Build.0 = Release|Any CPU
		{91578D2B-12F9-4932-BDAD-81F36CB14B2A}.Debug|Any CPU.ActiveCfg = Debug|Any CPU
		{91578D2B-12F9-4932-BDAD-81F36CB14B2A}.Debug|Any CPU.Build.0 = Debug|Any CPU
		{91578D2B-12F9-4932-BDAD-81F36CB14B2A}.Release|Any CPU.ActiveCfg = Release|Any CPU
		{91578D2B-12F9-4932-BDAD-81F36CB14B2A}.Release|Any CPU.Build.0 = Release|Any CPU
	EndGlobalSection
	GlobalSection(SolutionProperties) = preSolution
		HideSolutionNode = FALSE
	EndGlobalSection
	GlobalSection(ExtensibilityGlobals) = postSolution
		SolutionGuid = {7FBD5FB1-5DE6-4831-986D-3D8EF58F703B}
	EndGlobalSection
EndGlobal
