
Microsoft Visual Studio Solution File, Format Version 12.00
# Visual Studio Version 16
VisualStudioVersion = 16.0.30503.244
MinimumVisualStudioVersion = 10.0.40219.1
Project("{FAE04EC0-301F-11D3-BF4B-00C04F79EFBC}") = "Lab13", "Lab13\Lab13.csproj", "{7E94F32C-2B3B-4DB7-AE5F-14D8FFA9B003}"
EndProject
Global
	GlobalSection(SolutionConfigurationPlatforms) = preSolution
		Debug|Any CPU = Debug|Any CPU
		Release|Any CPU = Release|Any CPU
	EndGlobalSection
	GlobalSection(ProjectConfigurationPlatforms) = postSolution
		{7E94F32C-2B3B-4DB7-AE5F-14D8FFA9B003}.Debug|Any CPU.ActiveCfg = Debug|Any CPU
		{7E94F32C-2B3B-4DB7-AE5F-14D8FFA9B003}.Debug|Any CPU.Build.0 = Debug|Any CPU
		{7E94F32C-2B3B-4DB7-AE5F-14D8FFA9B003}.Release|Any CPU.ActiveCfg = Release|Any CPU
		{7E94F32C-2B3B-4DB7-AE5F-14D8FFA9B003}.Release|Any CPU.Build.0 = Release|Any CPU
	EndGlobalSection
	GlobalSection(SolutionProperties) = preSolution
		HideSolutionNode = FALSE
	EndGlobalSection
	GlobalSection(ExtensibilityGlobals) = postSolution
		SolutionGuid = {3604B348-4A16-4BE7-AF1A-05E4499FB788}
	EndGlobalSection
EndGlobal
